// !$*UTF8*$!
{
	archiveVersion = 1;
	classes = {
	};
	objectVersion = 48;
	objects = {

/* Begin PBXBuildFile section */
		57E07D070AD89EA33C1AB85D /* Pods_GoogleMaptest.framework in Frameworks */ = {isa = PBXBuildFile; fileRef = C193F2B2A40C25C6BBB9C529 /* Pods_GoogleMaptest.framework */; };
		DD73F4C0203D585C002D0ED9 /* AppDelegate.swift in Sources */ = {isa = PBXBuildFile; fileRef = DD73F4BF203D585C002D0ED9 /* AppDelegate.swift */; };
		DD73F4C2203D585C002D0ED9 /* ViewController.swift in Sources */ = {isa = PBXBuildFile; fileRef = DD73F4C1203D585C002D0ED9 /* ViewController.swift */; };
		DD73F4C5203D585C002D0ED9 /* Main.storyboard in Resources */ = {isa = PBXBuildFile; fileRef = DD73F4C3203D585C002D0ED9 /* Main.storyboard */; };
		DD73F4C7203D585C002D0ED9 /* Assets.xcassets in Resources */ = {isa = PBXBuildFile; fileRef = DD73F4C6203D585C002D0ED9 /* Assets.xcassets */; };
		DD73F4CA203D585C002D0ED9 /* LaunchScreen.storyboard in Resources */ = {isa = PBXBuildFile; fileRef = DD73F4C8203D585C002D0ED9 /* LaunchScreen.storyboard */; };
/* End PBXBuildFile section */

/* Begin PBXFileReference section */
		C193F2B2A40C25C6BBB9C529 /* Pods_GoogleMaptest.framework */ = {isa = PBXFileReference; explicitFileType = wrapper.framework; includeInIndex = 0; path = Pods_GoogleMaptest.framework; sourceTree = BUILT_PRODUCTS_DIR; };
		C4CA082898FCBADBABCD1EE4 /* Pods-GoogleMaptest.debug.xcconfig */ = {isa = PBXFileReference; includeInIndex = 1; lastKnownFileType = text.xcconfig; name = "Pods-GoogleMaptest.debug.xcconfig"; path = "Pods/Target Support Files/Pods-GoogleMaptest/Pods-GoogleMaptest.debug.xcconfig"; sourceTree = "<group>"; };
		DD73F4BC203D585C002D0ED9 /* GoogleMaptest.app */ = {isa = PBXFileReference; explicitFileType = wrapper.application; includeInIndex = 0; path = GoogleMaptest.app; sourceTree = BUILT_PRODUCTS_DIR; };
		DD73F4BF203D585C002D0ED9 /* AppDelegate.swift */ = {isa = PBXFileReference; lastKnownFileType = sourcecode.swift; path = AppDelegate.swift; sourceTree = "<group>"; };
		DD73F4C1203D585C002D0ED9 /* ViewController.swift */ = {isa = PBXFileReference; lastKnownFileType = sourcecode.swift; path = ViewController.swift; sourceTree = "<group>"; };
		DD73F4C4203D585C002D0ED9 /* Base */ = {isa = PBXFileReference; lastKnownFileType = file.storyboard; name = Base; path = Base.lproj/Main.storyboard; sourceTree = "<group>"; };
		DD73F4C6203D585C002D0ED9 /* Assets.xcassets */ = {isa = PBXFileReference; lastKnownFileType = folder.assetcatalog; path = Assets.xcassets; sourceTree = "<group>"; };
		DD73F4C9203D585C002D0ED9 /* Base */ = {isa = PBXFileReference; lastKnownFileType = file.storyboard; name = Base; path = Base.lproj/LaunchScreen.storyboard; sourceTree = "<group>"; };
		DD73F4CB203D585C002D0ED9 /* Info.plist */ = {isa = PBXFileReference; lastKnownFileType = text.plist.xml; path = Info.plist; sourceTree = "<group>"; };
		F57484643476557D80CBB932 /* Pods-GoogleMaptest.release.xcconfig */ = {isa = PBXFileReference; includeInIndex = 1; lastKnownFileType = text.xcconfig; name = "Pods-GoogleMaptest.release.xcconfig"; path = "Pods/Target Support Files/Pods-GoogleMaptest/Pods-GoogleMaptest.release.xcconfig"; sourceTree = "<group>"; };
/* End PBXFileReference section */

/* Begin PBXFrameworksBuildPhase section */
		DD73F4B9203D585C002D0ED9 /* Frameworks */ = {
			isa = PBXFrameworksBuildPhase;
			buildActionMask = 2147483647;
			files = (
				57E07D070AD89EA33C1AB85D /* Pods_GoogleMaptest.framework in Frameworks */,
			);
			runOnlyForDeploymentPostprocessing = 0;
		};
/* End PBXFrameworksBuildPhase section */

/* Begin PBXGroup section */
		47E29D6928693474C49C14A3 /* Pods */ = {
			isa = PBXGroup;
			children = (
				C4CA082898FCBADBABCD1EE4 /* Pods-GoogleMaptest.debug.xcconfig */,
				F57484643476557D80CBB932 /* Pods-GoogleMaptest.release.xcconfig */,
			);
			name = Pods;
			sourceTree = "<group>";
		};
		516A882468B7E1DB7543198F /* Frameworks */ = {
			isa = PBXGroup;
			children = (
				C193F2B2A40C25C6BBB9C529 /* Pods_GoogleMaptest.framework */,
			);
			name = Frameworks;
			sourceTree = "<group>";
		};
		DD73F4B3203D585C002D0ED9 = {
			isa = PBXGroup;
			children = (
				DD73F4BE203D585C002D0ED9 /* GoogleMaptest */,
				DD73F4BD203D585C002D0ED9 /* Products */,
				47E29D6928693474C49C14A3 /* Pods */,
				516A882468B7E1DB7543198F /* Frameworks */,
			);
			sourceTree = "<group>";
		};
		DD73F4BD203D585C002D0ED9 /* Products */ = {
			isa = PBXGroup;
			children = (
				DD73F4BC203D585C002D0ED9 /* GoogleMaptest.app */,
			);
			name = Products;
			sourceTree = "<group>";
		};
		DD73F4BE203D585C002D0ED9 /* GoogleMaptest */ = {
			isa = PBXGroup;
			children = (
				DD73F4BF203D585C002D0ED9 /* AppDelegate.swift */,
				DD73F4C1203D585C002D0ED9 /* ViewController.swift */,
				DD73F4C3203D585C002D0ED9 /* Main.storyboard */,
				DD73F4C6203D585C002D0ED9 /* Assets.xcassets */,
				DD73F4C8203D585C002D0ED9 /* LaunchScreen.storyboard */,
				DD73F4CB203D585C002D0ED9 /* Info.plist */,
			);
			path = GoogleMaptest;
			sourceTree = "<group>";
		};
/* End PBXGroup section */

/* Begin PBXNativeTarget section */
		DD73F4BB203D585C002D0ED9 /* GoogleMaptest */ = {
			isa = PBXNativeTarget;
			buildConfigurationList = DD73F4CE203D585C002D0ED9 /* Build configuration list for PBXNativeTarget "GoogleMaptest" */;
			buildPhases = (
				AB3477B8419416BC3646F5E4 /* [CP] Check Pods Manifest.lock */,
				DD73F4B8203D585C002D0ED9 /* Sources */,
				DD73F4B9203D585C002D0ED9 /* Frameworks */,
				DD73F4BA203D585C002D0ED9 /* Resources */,
				40C99912BC10DE35C16F9809 /* [CP] Embed Pods Frameworks */,
				221A977E7EEE5AF885889B42 /* [CP] Copy Pods Resources */,
			);
			buildRules = (
			);
			dependencies = (
			);
			name = GoogleMaptest;
			productName = GoogleMaptest;
			productReference = DD73F4BC203D585C002D0ED9 /* GoogleMaptest.app */;
			productType = "com.apple.product-type.application";
		};
/* End PBXNativeTarget section */

/* Begin PBXProject section */
		DD73F4B4203D585C002D0ED9 /* Project object */ = {
			isa = PBXProject;
			attributes = {
				LastSwiftUpdateCheck = 0920;
				LastUpgradeCheck = 0920;
				ORGANIZATIONNAME = SunQ;
				TargetAttributes = {
					DD73F4BB203D585C002D0ED9 = {
						CreatedOnToolsVersion = 9.2;
						ProvisioningStyle = Automatic;
					};
				};
			};
			buildConfigurationList = DD73F4B7203D585C002D0ED9 /* Build configuration list for PBXProject "GoogleMaptest" */;
			compatibilityVersion = "Xcode 8.0";
			developmentRegion = en;
			hasScannedForEncodings = 0;
			knownRegions = (
				en,
				Base,
			);
			mainGroup = DD73F4B3203D585C002D0ED9;
			productRefGroup = DD73F4BD203D585C002D0ED9 /* Products */;
			projectDirPath = "";
			projectRoot = "";
			targets = (
				DD73F4BB203D585C002D0ED9 /* GoogleMaptest */,
			);
		};
/* End PBXProject section */

/* Begin PBXResourcesBuildPhase section */
		DD73F4BA203D585C002D0ED9 /* Resources */ = {
			isa = PBXResourcesBuildPhase;
			buildActionMask = 2147483647;
			files = (
				DD73F4CA203D585C002D0ED9 /* LaunchScreen.storyboard in Resources */,
				DD73F4C7203D585C002D0ED9 /* Assets.xcassets in Resources */,
				DD73F4C5203D585C002D0ED9 /* Main.storyboard in Resources */,
			);
			runOnlyForDeploymentPostprocessing = 0;
		};
/* End PBXResourcesBuildPhase section */

/* Begin PBXShellScriptBuildPhase section */
		221A977E7EEE5AF885889B42 /* [CP] Copy Pods Resources */ = {
			isa = PBXShellScriptBuildPhase;
			buildActionMask = 2147483647;
			files = (
			);
			inputPaths = (
			);
			name = "[CP] Copy Pods Resources";
			outputPaths = (
			);
			runOnlyForDeploymentPostprocessing = 0;
			shellPath = /bin/sh;
			shellScript = "\"${SRCROOT}/Pods/Target Support Files/Pods-GoogleMaptest/Pods-GoogleMaptest-resources.sh\"\n";
			showEnvVarsInLog = 0;
		};
		40C99912BC10DE35C16F9809 /* [CP] Embed Pods Frameworks */ = {
			isa = PBXShellScriptBuildPhase;
			buildActionMask = 2147483647;
			files = (
			);
			inputPaths = (
			);
			name = "[CP] Embed Pods Frameworks";
			outputPaths = (
			);
			runOnlyForDeploymentPostprocessing = 0;
			shellPath = /bin/sh;
			shellScript = "\"${SRCROOT}/Pods/Target Support Files/Pods-GoogleMaptest/Pods-GoogleMaptest-frameworks.sh\"\n";
			showEnvVarsInLog = 0;
		};
		AB3477B8419416BC3646F5E4 /* [CP] Check Pods Manifest.lock */ = {
			isa = PBXShellScriptBuildPhase;
			buildActionMask = 2147483647;
			files = (
			);
			inputPaths = (
			);
			name = "[CP] Check Pods Manifest.lock";
			outputPaths = (
			);
			runOnlyForDeploymentPostprocessing = 0;
			shellPath = /bin/sh;
			shellScript = "diff \"${PODS_ROOT}/../Podfile.lock\" \"${PODS_ROOT}/Manifest.lock\" > /dev/null\nif [ $? != 0 ] ; then\n    # print error to STDERR\n    echo \"error: The sandbox is not in sync with the Podfile.lock. Run 'pod install' or update your CocoaPods installation.\" >&2\n    exit 1\nfi\n";
			showEnvVarsInLog = 0;
		};
/* End PBXShellScriptBuildPhase section */

/* Begin PBXSourcesBuildPhase section */
		DD73F4B8203D585C002D0ED9 /* Sources */ = {
			isa = PBXSourcesBuildPhase;
			buildActionMask = 2147483647;
			files = (
				DD73F4C2203D585C002D0ED9 /* ViewController.swift in Sources */,
				DD73F4C0203D585C002D0ED9 /* AppDelegate.swift in Sources */,
			);
			runOnlyForDeploymentPostprocessing = 0;
		};
/* End PBXSourcesBuildPhase section */

/* Begin PBXVariantGroup section */
		DD73F4C3203D585C002D0ED9 /* Main.storyboard */ = {
			isa = PBXVariantGroup;
			children = (
				DD73F4C4203D585C002D0ED9 /* Base */,
			);
			name = Main.storyboard;
			sourceTree = "<group>";
		};
		DD73F4C8203D585C002D0ED9 /* LaunchScreen.storyboard */ = {
			isa = PBXVariantGroup;
			children = (
				DD73F4C9203D585C002D0ED9 /* Base */,
			);
			name = LaunchScreen.storyboard;
			sourceTree = "<group>";
		};
/* End PBXVariantGroup section */

/* Begin XCBuildConfiguration section */
		DD73F4CC203D585C002D0ED9 /* Debug */ = {
			isa = XCBuildConfiguration;
			buildSettings = {
				ALWAYS_SEARCH_USER_PATHS = NO;
				CLANG_ANALYZER_NONNULL = YES;
				CLANG_ANALYZER_NUMBER_OBJECT_CONVERSION = YES_AGGRESSIVE;
				CLANG_CXX_LANGUAGE_STANDARD = "gnu++14";
				CLANG_CXX_LIBRARY = "libc++";
				CLANG_ENABLE_MODULES = YES;
				CLANG_ENABLE_OBJC_ARC = YES;
				CLANG_WARN_BLOCK_CAPTURE_AUTORELEASING = YES;
				CLANG_WARN_BOOL_CONVERSION = YES;
				CLANG_WARN_COMMA = YES;
				CLANG_WARN_CONSTANT_CONVERSION = YES;
				CLANG_WARN_DIRECT_OBJC_ISA_USAGE = YES_ERROR;
				CLANG_WARN_DOCUMENTATION_COMMENTS = YES;
				CLANG_WARN_EMPTY_BODY = YES;
				CLANG_WARN_ENUM_CONVERSION = YES;
				CLANG_WARN_INFINITE_RECURSION = YES;
				CLANG_WARN_INT_CONVERSION = YES;
				CLANG_WARN_NON_LITERAL_NULL_CONVERSION = YES;
				CLANG_WARN_OBJC_LITERAL_CONVERSION = YES;
				CLANG_WARN_OBJC_ROOT_CLASS = YES_ERROR;
				CLANG_WARN_RANGE_LOOP_ANALYSIS = YES;
				CLANG_WARN_STRICT_PROTOTYPES = YES;
				CLANG_WARN_SUSPICIOUS_MOVE = YES;
				CLANG_WARN_UNGUARDED_AVAILABILITY = YES_AGGRESSIVE;
				CLANG_WARN_UNREACHABLE_CODE = YES;
				CLANG_WARN__DUPLICATE_METHOD_MATCH = YES;
				CODE_SIGN_IDENTITY = "iPhone Developer";
				COPY_PHASE_STRIP = NO;
				DEBUG_INFORMATION_FORMAT = dwarf;
				ENABLE_STRICT_OBJC_MSGSEND = YES;
				ENABLE_TESTABILITY = YES;
				GCC_C_LANGUAGE_STANDARD = gnu11;
				GCC_DYNAMIC_NO_PIC = NO;
				GCC_NO_COMMON_BLOCKS = YES;
				GCC_OPTIMIZATION_LEVEL = 0;
				GCC_PREPROCESSOR_DEFINITIONS = (
					"DEBUG=1",
					"$(inherited)",
				);
				GCC_WARN_64_TO_32_BIT_CONVERSION = YES;
				GCC_WARN_ABOUT_RETURN_TYPE = YES_ERROR;
				GCC_WARN_UNDECLARED_SELECTOR = YES;
				GCC_WARN_UNINITIALIZED_AUTOS = YES_AGGRESSIVE;
				GCC_WARN_UNUSED_FUNCTION = YES;
				GCC_WARN_UNUSED_VARIABLE = YES;
				IPHONEOS_DEPLOYMENT_TARGET = 11.2;
				MTL_ENABLE_DEBUG_INFO = YES;
				ONLY_ACTIVE_ARCH = YES;
				SDKROOT = iphoneos;
				SWIFT_ACTIVE_COMPILATION_CONDITIONS = DEBUG;
				SWIFT_OPTIMIZATION_LEVEL = "-Onone";
			};
			name = Debug;
		};
		DD73F4CD203D585C002D0ED9 /* Release */ = {
			isa = XCBuildConfiguration;
			buildSettings = {
				ALWAYS_SEARCH_USER_PATHS = NO;
				CLANG_ANALYZER_NONNULL = YES;
				CLANG_ANALYZER_NUMBER_OBJECT_CONVERSION = YES_AGGRESSIVE;
				CLANG_CXX_LANGUAGE_STANDARD = "gnu++14";
				CLANG_CXX_LIBRARY = "libc++";
				CLANG_ENABLE_MODULES = YES;
				CLANG_ENABLE_OBJC_ARC = YES;
				CLANG_WARN_BLOCK_CAPTURE_AUTORELEASING = YES;
				CLANG_WARN_BOOL_CONVERSION = YES;
				CLANG_WARN_COMMA = YES;
				CLANG_WARN_CONSTANT_CONVERSION = YES;
				CLANG_WARN_DIRECT_OBJC_ISA_USAGE = YES_ERROR;
				CLANG_WARN_DOCUMENTATION_COMMENTS = YES;
				CLANG_WARN_EMPTY_BODY = YES;
				CLANG_WARN_ENUM_CONVERSION = YES;
				CLANG_WARN_INFINITE_RECURSION = YES;
				CLANG_WARN_INT_CONVERSION = YES;
				CLANG_WARN_NON_LITERAL_NULL_CONVERSION = YES;
				CLANG_WARN_OBJC_LITERAL_CONVERSION = YES;
				CLANG_WARN_OBJC_ROOT_CLASS = YES_ERROR;
				CLANG_WARN_RANGE_LOOP_ANALYSIS = YES;
				CLANG_WARN_STRICT_PROTOTYPES = YES;
				CLANG_WARN_SUSPICIOUS_MOVE = YES;
				CLANG_WARN_UNGUARDED_AVAILABILITY = YES_AGGRESSIVE;
				CLANG_WARN_UNREACHABLE_CODE = YES;
				CLANG_WARN__DUPLICATE_METHOD_MATCH = YES;
				CODE_SIGN_IDENTITY = "iPhone Developer";
				COPY_PHASE_STRIP = NO;
				DEBUG_INFORMATION_FORMAT = "dwarf-with-dsym";
				ENABLE_NS_ASSERTIONS = NO;
				ENABLE_STRICT_OBJC_MSGSEND = YES;
				GCC_C_LANGUAGE_STANDARD = gnu11;
				GCC_NO_COMMON_BLOCKS = YES;
				GCC_WARN_64_TO_32_BIT_CONVERSION = YES;
				GCC_WARN_ABOUT_RETURN_TYPE = YES_ERROR;
				GCC_WARN_UNDECLARED_SELECTOR = YES;
				GCC_WARN_UNINITIALIZED_AUTOS = YES_AGGRESSIVE;
				GCC_WARN_UNUSED_FUNCTION = YES;
				GCC_WARN_UNUSED_VARIABLE = YES;
				IPHONEOS_DEPLOYMENT_TARGET = 11.2;
				MTL_ENABLE_DEBUG_INFO = NO;
				SDKROOT = iphoneos;
				SWIFT_OPTIMIZATION_LEVEL = "-Owholemodule";
				VALIDATE_PRODUCT = YES;
			};
			name = Release;
		};
		DD73F4CF203D585C002D0ED9 /* Debug */ = {
			isa = XCBuildConfiguration;
			baseConfigurationReference = C4CA082898FCBADBABCD1EE4 /* Pods-GoogleMaptest.debug.xcconfig */;
			buildSettings = {
				ASSETCATALOG_COMPILER_APPICON_NAME = AppIcon;
				CODE_SIGN_STYLE = Automatic;
				DEVELOPMENT_TEAM = 5BT6CGW8EE;
				INFOPLIST_FILE = GoogleMaptest/Info.plist;
				IPHONEOS_DEPLOYMENT_TARGET = 11.0;
				LD_RUNPATH_SEARCH_PATHS = "$(inherited) @executable_path/Frameworks";
				PRODUCT_BUNDLE_IDENTIFIER = jp.myapp.GoogleMaptest;
				PRODUCT_NAME = "$(TARGET_NAME)";
				SWIFT_VERSION = 4.0;
				TARGETED_DEVICE_FAMILY = "1,2";
			};
			name = Debug;
		};
		DD73F4D0203D585C002D0ED9 /* Release */ = {
			isa = XCBuildConfiguration;
			baseConfigurationReference = F57484643476557D80CBB932 /* Pods-GoogleMaptest.release.xcconfig */;
			buildSettings = {
				ASSETCATALOG_COMPILER_APPICON_NAME = AppIcon;
				CODE_SIGN_STYLE = Automatic;
				DEVELOPMENT_TEAM = 5BT6CGW8EE;
				INFOPLIST_FILE = GoogleMaptest/Info.plist;
				IPHONEOS_DEPLOYMENT_TARGET = 11.0;
				LD_RUNPATH_SEARCH_PATHS = "$(inherited) @executable_path/Frameworks";
				PRODUCT_BUNDLE_IDENTIFIER = jp.myapp.GoogleMaptest;
				PRODUCT_NAME = "$(TARGET_NAME)";
				SWIFT_VERSION = 4.0;
				TARGETED_DEVICE_FAMILY = "1,2";
			};
			name = Release;
		};
/* End XCBuildConfiguration section */

/* Begin XCConfigurationList section */
		DD73F4B7203D585C002D0ED9 /* Build configuration list for PBXProject "GoogleMaptest" */ = {
			isa = XCConfigurationList;
			buildConfigurations = (
				DD73F4CC203D585C002D0ED9 /* Debug */,
				DD73F4CD203D585C002D0ED9 /* Release */,
			);
			defaultConfigurationIsVisible = 0;
			defaultConfigurationName = Release;
		};
		DD73F4CE203D585C002D0ED9 /* Build configuration list for PBXNativeTarget "GoogleMaptest" */ = {
			isa = XCConfigurationList;
			buildConfigurations = (
				DD73F4CF203D585C002D0ED9 /* Debug */,
				DD73F4D0203D585C002D0ED9 /* Release */,
			);
			defaultConfigurationIsVisible = 0;
			defaultConfigurationName = Release;
		};
/* End XCConfigurationList section */
	};
	rootObject = DD73F4B4203D585C002D0ED9 /* Project object */;
}
